{
  "requires": true,
  "lockfileVersion": 1,
  "dependencies": {
    "vuebars": {
      "version": "0.1.3",
      "resolved": "https://registry.npmjs.org/vuebars/-/vuebars-0.1.3.tgz",
      "integrity": "sha512-GFVShPfnJTnrne0yUofgAzVtzK8i+fPpVloiKHeXM1f1Zp3fAJB6YXLywjsy3wed3C99moI3ZlUTzXBB3mEtdg=="
    }
  }
}
