{
  "requires": true,
  "lockfileVersion": 1,
  "dependencies": {
    "vuetrend": {
      "version": "0.3.2",
      "resolved": "https://registry.npmjs.org/vuetrend/-/vuetrend-0.3.2.tgz",
      "integrity": "sha512-nXza0yeoynEdrdV8RKStHA0KykPyVXNHjcQOqxc+5rW5051V3RMrsI9ob1+kiJM8azoww6t6XiC/+AS7aiqEew=="
    }
  }
}
